{
    "_meta": {
        "hash": {
            "sha256": "be4f1e180713278f25359de03b6f0019ddcf501792b9c01bfa56b449f6dd2db1"
        },
        "pipfile-spec": 6,
        "requires": {
            "python_version": "3.6"
        },
        "sources": [
            {
                "name": "pypi",
                "url": "https://pypi.python.org/simple",
                "verify_ssl": true
            }
        ]
    },
    "default": {
        "certifi": {
            "hashes": [
                "sha256:47f9c83ef4c0c621eaef743f133f09fa8a74a9b75f037e8624f83bd1b6626cb7",
                "sha256:993f830721089fef441cdfeb4b2c8c9df86f0c63239f06bd025a76a7daddb033"
            ],
            "version": "==2018.11.29"
        },
        "chardet": {
            "hashes": [
                "sha256:84ab92ed1c4d4f16916e05906b6b75a6c0fb5db821cc65e70cbd64a3e2a5eaae",
                "sha256:fc323ffcaeaed0e0a02bf4d117757b98aed530d9ed4531e3e15460124c106691"
            ],
            "version": "==3.0.4"
        },
        "daiquiri": {
            "hashes": [
                "sha256:8832f28e110165b905993b4bdab638a3c245f5671d5976f226f2628e7d2e7862",
                "sha256:ac0e69ac0a8c4ceabcf57f14ba4dc7b5940dc2bf9d1ee620d2ae9fa8f78c7891"
            ],
            "index": "pypi",
            "version": "==1.5.0"
        },
        "deprecated": {
            "hashes": [
                "sha256:8bfeba6e630abf42b5d111b68a05f7fe3d6de7004391b3cd614947594f87a4ff",
                "sha256:b784e0ca85a8c1e694d77e545c10827bd99772392e79d5f5442e761515a1246e"
            ],
            "version": "==1.2.4"
        },
        "idna": {
            "hashes": [
                "sha256:c357b3f628cf53ae2c4c05627ecc484553142ca23264e593d327bcde5e9c3407",
                "sha256:ea8b7f6188e6fa117537c3df7da9fc686d485087abf6ac197f9c46432f7e4a3c"
            ],
            "version": "==2.8"
        },
        "prometheus-client": {
            "hashes": [
                "sha256:e8c11ff5ca53de6c3d91e1510500611cafd1d247a937ec6c588a0a7cc3bef93c"
            ],
            "index": "pypi",
            "version": "==0.5.0"
        },
        "pygithub": {
            "hashes": [
                "sha256:263102b43a83e2943900c1313109db7a00b3b78aeeae2c9137ba694982864872"
            ],
            "index": "pypi",
            "version": "==1.43.5"
        },
        "pyjwt": {
            "hashes": [
                "sha256:5c6eca3c2940464d106b99ba83b00c6add741c9becaec087fb7ccdefea71350e",
                "sha256:8d59a976fb773f3e6a39c85636357c4f0e242707394cadadd9814f5cbaa20e96"
            ],
            "version": "==1.7.1"
        },
        "pytz": {
            "hashes": [
                "sha256:32b0891edff07e28efe91284ed9c31e123d84bea3fd98e1f72be2508f43ef8d9",
                "sha256:d5f05e487007e29e03409f9398d074e158d920d36eb82eaf66fb1136b0c5374c"
            ],
            "version": "==2018.9"
        },
        "pyyaml": {
            "hashes": [
                "sha256:254bf6fda2b7c651837acb2c718e213df29d531eebf00edb54743d10bcb694eb",
                "sha256:3108529b78577327d15eec243f0ff348a0640b0c3478d67ad7f5648f93bac3e2",
                "sha256:3c17fb92c8ba2f525e4b5f7941d850e7a48c3a59b32d331e2502a3cdc6648e76",
                "sha256:8d6d96001aa7f0a6a4a95e8143225b5d06e41b1131044913fecb8f85a125714b",
                "sha256:c8a88edd93ee29ede719080b2be6cb2333dfee1dccba213b422a9c8e97f2967b"
            ],
            "index": "pypi",
            "version": "==4.2b4"
        },
        "requests": {
            "hashes": [
                "sha256:502a824f31acdacb3a35b6690b5fbf0bc41d63a24a45c4004352b0242707598e",
                "sha256:7bf2a778576d825600030a110f3c0e3e8edc51dfaafe1c146e39a2027784957b"
            ],
            "index": "pypi",
            "version": "==2.21.0"
        },
        "rfc5424-logging-handler": {
            "hashes": [
                "sha256:b8998dece36bfecef2b5d40c3aab8f367115bf0d9239943c19a54692208e0b93",
                "sha256:cf977981490d977e6ebc4a0fa41c10ff0dfcaf7a291f05ded4863d58b038ed63"
            ],
            "version": "==1.4.0"
        },
        "sentry-sdk": {
            "hashes": [
                "sha256:0c36ff218b8135eee726abb74fe37c83b9f389a24e4afa6431bcad7460e4f3af",
                "sha256:1503edc88c32e7479dedea2fce9401efe375322b016f54fe149534a90c946e74"
            ],
            "version": "==0.7.1"
        },
        "thoth-common": {
            "hashes": [
                "sha256:74c4ee049e4403198031bb7fbe8288d546db823aa1c4bcab408506f23224cd73",
                "sha256:84bed8a3c3a032e722c6abc12750f15fa02726a4f80959b9dc991e698b4eb356"
            ],
            "index": "pypi",
            "version": "==0.6.0"
        },
        "tzlocal": {
            "hashes": [
                "sha256:27d58a0958dc884d208cdaf45ef5892bf2a57d21d9611f2ac45e51f1973e8cab",
                "sha256:f124f198e5d86b3538b140883472beaa82d2c0efc0cd9694dfdbe39079e22e69"
            ],
            "version": "==2.0.0b1"
        },
        "urllib3": {
            "hashes": [
                "sha256:61bf29cada3fc2fbefad4fdf059ea4bd1b4a86d2b6d15e1c7c0b582b9752fe39",
                "sha256:de9529817c93f27c8ccbfead6985011db27bd0ddfcdb2d86f3f663385c6a9c22"
            ],
            "version": "==1.24.1"
        },
        "wrapt": {
            "hashes": [
                "sha256:4aea003270831cceb8a90ff27c4031da6ead7ec1886023b80ce0dfe0adf61533"
            ],
            "version": "==1.11.1"
        }
    },
    "develop": {}
}
